
Microsoft Visual Studio Solution File, Format Version 12.00
# Visual Studio 15
VisualStudioVersion = 15.0.28307.106
MinimumVisualStudioVersion = 10.0.40219.1
Project("{8BC9CEB8-8B4A-11D0-8D11-00A0C91BC942}") = "Sunrin_Engine_D3D11", "Sunrin_Engine_D3D11\Sunrin_Engine_D3D11.vcxproj", "{6202B7E4-B42D-49F1-93B8-EF30E8F5E514}"
EndProject
Global
	GlobalSection(SolutionConfigurationPlatforms) = preSolution
		Debug|x64 = Debug|x64
		Debug|x86 = Debug|x86
		Release|x64 = Release|x64
		Release|x86 = Release|x86
	EndGlobalSection
	GlobalSection(ProjectConfigurationPlatforms) = postSolution
		{6202B7E4-B42D-49F1-93B8-EF30E8F5E514}.Debug|x64.ActiveCfg = Debug|x64
		{6202B7E4-B42D-49F1-93B8-EF30E8F5E514}.Debug|x64.Build.0 = Debug|x64
		{6202B7E4-B42D-49F1-93B8-EF30E8F5E514}.Debug|x86.ActiveCfg = Debug|Win32
		{6202B7E4-B42D-49F1-93B8-EF30E8F5E514}.Debug|x86.Build.0 = Debug|Win32
		{6202B7E4-B42D-49F1-93B8-EF30E8F5E514}.Release|x64.ActiveCfg = Release|x64
		{6202B7E4-B42D-49F1-93B8-EF30E8F5E514}.Release|x64.Build.0 = Release|x64
		{6202B7E4-B42D-49F1-93B8-EF30E8F5E514}.Release|x86.ActiveCfg = Release|Win32
		{6202B7E4-B42D-49F1-93B8-EF30E8F5E514}.Release|x86.Build.0 = Release|Win32
	EndGlobalSection
	GlobalSection(SolutionProperties) = preSolution
		HideSolutionNode = FALSE
	EndGlobalSection
	GlobalSection(ExtensibilityGlobals) = postSolution
		SolutionGuid = {CAB20CFF-B401-4D56-9F5C-993D190B1B01}
	EndGlobalSection
EndGlobal
