<?xml version="1.0" encoding="utf-8"?>
<Project ToolsVersion="4.0" xmlns="http://schemas.microsoft.com/developer/msbuild/2003">
  <ItemGroup>
    <Filter Include="SourceFiles">
      <UniqueIdentifier>{4FC737F1-C7A5-4376-A066-2A32D752A2FF}</UniqueIdentifier>
      <Extensions>cpp;c;cc;cxx;def;odl;idl;hpj;bat;asm;asmx</Extensions>
    </Filter>
    <Filter Include="SourceFiles\Engine">
      <UniqueIdentifier>{96786b16-3dfd-46ca-bd54-528c8242e011}</UniqueIdentifier>
    </Filter>
    <Filter Include="SourceFiles\Engine\Utility">
      <UniqueIdentifier>{6ed573d9-5048-4e34-8877-dd22ff194383}</UniqueIdentifier>
    </Filter>
    <Filter Include="SourceFiles\Engine\Utility\PCH">
      <UniqueIdentifier>{8f4ac58f-6de0-40a1-8d0e-9705517b2179}</UniqueIdentifier>
    </Filter>
    <Filter Include="SourceFiles\Engine\Utility\XML">
      <UniqueIdentifier>{bc678fb5-b6b4-4b75-af1e-0e2955abcd7f}</UniqueIdentifier>
    </Filter>
    <Filter Include="SourceFiles\Engine\Utility\XML\ProgramSetting">
      <UniqueIdentifier>{62acf8d5-7bb4-4414-8e98-b6c3ca91af84}</UniqueIdentifier>
    </Filter>
    <Filter Include="SourceFiles\Engine\Utility\KeyCode">
      <UniqueIdentifier>{d4b4b73c-3b32-47c0-8eac-e8143ff5e009}</UniqueIdentifier>
    </Filter>
    <Filter Include="SourceFiles\Engine\Utility\Converter">
      <UniqueIdentifier>{336549d4-5a60-4d5e-a934-2413d0000835}</UniqueIdentifier>
    </Filter>
    <Filter Include="SourceFiles\Engine\Utility\ExternalLibrary">
      <UniqueIdentifier>{3f749928-d70d-43e8-bc14-4a0d4a07718a}</UniqueIdentifier>
    </Filter>
    <Filter Include="SourceFiles\Engine\Utility\ExternalLibrary\TinyXML2">
      <UniqueIdentifier>{577cc5ff-803d-4819-9627-0f3086c99035}</UniqueIdentifier>
    </Filter>
    <Filter Include="SourceFiles\Engine\Utility\ExternalLibrary\Vorbis">
      <UniqueIdentifier>{29b47fad-f6e6-440b-871e-720636425c66}</UniqueIdentifier>
    </Filter>
    <Filter Include="SourceFiles\Engine\Utility\Math">
      <UniqueIdentifier>{976b6a99-6e4a-4f63-bfa8-2e2ab6132455}</UniqueIdentifier>
    </Filter>
    <Filter Include="SourceFiles\Engine\Utility\Math\Vector">
      <UniqueIdentifier>{37ad3a2c-225c-4b01-b6d7-cec53d6c1089}</UniqueIdentifier>
    </Filter>
    <Filter Include="SourceFiles\Engine\Utility\Math\Rectangle">
      <UniqueIdentifier>{16d3ea08-e624-41aa-94ab-8f6b72e9eff7}</UniqueIdentifier>
    </Filter>
    <Filter Include="SourceFiles\Engine\Object">
      <UniqueIdentifier>{ecd72543-2d35-4cd5-9ab4-ad9ec57b3e6c}</UniqueIdentifier>
    </Filter>
    <Filter Include="SourceFiles\Engine\Object\Entity">
      <UniqueIdentifier>{24c2cc9a-ff81-45c6-b629-0619486af632}</UniqueIdentifier>
    </Filter>
    <Filter Include="HeaderFiles">
      <UniqueIdentifier>{93995380-89BD-4b04-88EB-625FBE52EBFB}</UniqueIdentifier>
      <Extensions>h;hh;hpp;hxx;hm;inl;inc;ipp;xsd</Extensions>
    </Filter>
    <Filter Include="ResourceFiles">
      <UniqueIdentifier>{67DA6AB6-F800-4c08-8B7A-83BB121AAD01}</UniqueIdentifier>
      <Extensions>rc;ico;cur;bmp;dlg;rc2;rct;bin;rgs;gif;jpg;jpeg;jpe;resx;tiff;tif;png;wav;mfcribbon-ms</Extensions>
    </Filter>
    <Filter Include="SourceFiles\Engine\Utility\Math\Matrix">
      <UniqueIdentifier>{d209a783-634a-4097-a72a-300801efdc7a}</UniqueIdentifier>
    </Filter>
    <Filter Include="SourceFiles\Engine\Utility\Math\Quarternion">
      <UniqueIdentifier>{7304dda1-736b-4b71-87d3-a923a0082c4f}</UniqueIdentifier>
    </Filter>
    <Filter Include="SourceFiles\Engine\Utility\Math\Plane">
      <UniqueIdentifier>{18e6d500-a061-4593-a20f-11842e815080}</UniqueIdentifier>
    </Filter>
    <Filter Include="SourceFiles\Engine\Utility\Math\Color">
      <UniqueIdentifier>{c5a6eac5-cfc7-4178-ab9a-7433a1f601c0}</UniqueIdentifier>
    </Filter>
    <Filter Include="SourceFiles\Engine\Utility\Math\Ray">
      <UniqueIdentifier>{4782a326-060c-451b-8a3b-8d00ad4bec44}</UniqueIdentifier>
    </Filter>
    <Filter Include="SourceFiles\Engine\Utility\Math\Viewport">
      <UniqueIdentifier>{53dca841-48f6-4dfb-9a27-4040a70eb459}</UniqueIdentifier>
    </Filter>
    <Filter Include="SourceFiles\Engine\Utility\DirtyFlag">
      <UniqueIdentifier>{e7b10a8c-2d74-445d-93e8-9c84b3c3e43d}</UniqueIdentifier>
    </Filter>
    <Filter Include="SourceFiles\Engine\Utility\DirtyFlag\Math">
      <UniqueIdentifier>{c4448143-05b7-4898-8df3-1468ceddabc2}</UniqueIdentifier>
    </Filter>
    <Filter Include="SourceFiles\Engine\Utility\Description">
      <UniqueIdentifier>{7795efbd-7b81-428d-8e34-2ca19509ab2a}</UniqueIdentifier>
    </Filter>
    <Filter Include="SourceFiles\Engine\Utility\Description\Render">
      <UniqueIdentifier>{9eec7227-1470-4ddf-bb4d-d16bb6e605cb}</UniqueIdentifier>
    </Filter>
    <Filter Include="SourceFiles\Engine\GameScene">
      <UniqueIdentifier>{3c18556b-84b6-414e-b364-e271d6b31aef}</UniqueIdentifier>
    </Filter>
    <Filter Include="SourceFiles\Engine\GameScene\Executor">
      <UniqueIdentifier>{ca4b60c5-08c3-4fbe-967b-09b52f874274}</UniqueIdentifier>
    </Filter>
    <Filter Include="SourceFiles\Engine\GameScene\Generator">
      <UniqueIdentifier>{64a1001a-bd87-4bac-90a1-026b99c46541}</UniqueIdentifier>
    </Filter>
    <Filter Include="SourceFiles\Engine\GameScene\Executor\Render">
      <UniqueIdentifier>{65016dec-d172-4b40-8fff-3be8fe82f33e}</UniqueIdentifier>
    </Filter>
    <Filter Include="SourceFiles\Engine\GameScene\Generator\Resource">
      <UniqueIdentifier>{c4ab8cbe-78b3-43f9-810c-f6fb61a81835}</UniqueIdentifier>
    </Filter>
    <Filter Include="SourceFiles\Engine\GameScene\Executor\Update">
      <UniqueIdentifier>{a4797f20-6444-43e3-bbe4-ec40a3738063}</UniqueIdentifier>
    </Filter>
    <Filter Include="SourceFiles\Engine\App">
      <UniqueIdentifier>{f3c1807c-635a-4788-8f81-4ce8f287760a}</UniqueIdentifier>
    </Filter>
    <Filter Include="SourceFiles\Engine\App\Time">
      <UniqueIdentifier>{6cb4437a-d90c-45a0-a57b-c8b0d14e1eda}</UniqueIdentifier>
    </Filter>
    <Filter Include="SourceFiles\Engine\App\Input">
      <UniqueIdentifier>{595bc545-92a4-4cd7-b8d4-f156b80d027f}</UniqueIdentifier>
    </Filter>
    <Filter Include="SourceFiles\Engine\App\Graphic">
      <UniqueIdentifier>{66daa837-6d8a-43e3-bc86-cf013f252cb4}</UniqueIdentifier>
    </Filter>
    <Filter Include="SourceFiles\Engine\App\Log">
      <UniqueIdentifier>{2a37ba0b-0120-48ae-bb2e-c1a5f7af3c89}</UniqueIdentifier>
    </Filter>
    <Filter Include="SourceFiles\Engine\App\Scene">
      <UniqueIdentifier>{c5069f60-dee0-4773-8fd5-def2b9cfe4b0}</UniqueIdentifier>
    </Filter>
    <Filter Include="SourceFiles\Engine\Utility\Infrastructure">
      <UniqueIdentifier>{8493518e-01d3-446e-a576-6c0aeffd349f}</UniqueIdentifier>
    </Filter>
    <Filter Include="SourceFiles\Engine\Utility\Infrastructure\Mesh">
      <UniqueIdentifier>{3fecb72f-6308-4ce7-a733-4ba0fc71d4ae}</UniqueIdentifier>
    </Filter>
    <Filter Include="SourceFiles\Engine\Utility\Infrastructure\Shader">
      <UniqueIdentifier>{5af7d96a-41a6-4162-b8ae-a231175490e4}</UniqueIdentifier>
    </Filter>
    <Filter Include="SourceFiles\Engine\Utility\Infrastructure\Bitmap">
      <UniqueIdentifier>{fdaab6de-6265-48d0-ac0a-c425f4f08146}</UniqueIdentifier>
    </Filter>
    <Filter Include="SourceFiles\Engine\Utility\Infrastructure\Effect">
      <UniqueIdentifier>{52493cc5-63fb-4b2e-b23f-c7de39b1900f}</UniqueIdentifier>
    </Filter>
    <Filter Include="SourceFiles\Engine\Utility\Infrastructure\Effect\ColorMatrixEffect">
      <UniqueIdentifier>{98b25bf3-3504-40d9-8437-320d6f294439}</UniqueIdentifier>
    </Filter>
    <Filter Include="SourceFiles\Engine\Utility\Infrastructure\Sound">
      <UniqueIdentifier>{0b41af9a-febf-4582-ae03-956542458227}</UniqueIdentifier>
    </Filter>
    <Filter Include="SourceFiles\Engine\App\Sound">
      <UniqueIdentifier>{e5bd43d6-d84d-4b19-a30c-17c0a2be22e6}</UniqueIdentifier>
    </Filter>
    <Filter Include="SourceFiles\Engine\Utility\Infrastructure\Sound\Wav">
      <UniqueIdentifier>{5e8eac56-c953-448d-bd91-4ddae1775d17}</UniqueIdentifier>
    </Filter>
    <Filter Include="SourceFiles\Engine\Utility\Infrastructure\Sound\Ogg">
      <UniqueIdentifier>{9a0fd3ba-ca92-40aa-b649-4e614bd2c1c4}</UniqueIdentifier>
    </Filter>
    <Filter Include="SourceFiles\Engine\Utility\PipelineStage">
      <UniqueIdentifier>{236c9c1f-739e-4381-94e8-a01bf5a763d7}</UniqueIdentifier>
    </Filter>
    <Filter Include="SourceFiles\Example">
      <UniqueIdentifier>{782fd910-20fd-4cef-bb10-e82122859094}</UniqueIdentifier>
    </Filter>
    <Filter Include="SourceFiles\Example\EmptyScene">
      <UniqueIdentifier>{4b0bea2f-b573-43bc-b2b7-aea415c86760}</UniqueIdentifier>
    </Filter>
    <Filter Include="SourceFiles\Engine\Utility\NonCopyable">
      <UniqueIdentifier>{f5964d81-a96c-45a9-aa79-280bd089583f}</UniqueIdentifier>
    </Filter>
    <Filter Include="SourceFiles\Engine\Utility\Timer">
      <UniqueIdentifier>{fe97cb3e-c513-44c6-b807-dfb15830198a}</UniqueIdentifier>
    </Filter>
    <Filter Include="SourceFiles\Example\LoadingScene">
      <UniqueIdentifier>{71d399e0-73aa-4a19-8f34-611fd4242490}</UniqueIdentifier>
    </Filter>
    <Filter Include="SourceFiles\Example\ColorRenderingScene">
      <UniqueIdentifier>{e3c31353-7973-4a33-981b-99082833da3e}</UniqueIdentifier>
    </Filter>
    <Filter Include="SourceFiles\Example\Object">
      <UniqueIdentifier>{441f6297-0c4c-48ba-8ffd-b8459b26d00a}</UniqueIdentifier>
    </Filter>
    <Filter Include="SourceFiles\Example\Object\Component">
      <UniqueIdentifier>{7ade8e68-58fb-49a3-ab93-681fbb3257b1}</UniqueIdentifier>
    </Filter>
    <Filter Include="SourceFiles\Example\Object\Component\RenderPass">
      <UniqueIdentifier>{94c4fff5-d911-4642-80a0-024b48c1b2aa}</UniqueIdentifier>
    </Filter>
    <Filter Include="SourceFiles\Example\Object\Entity">
      <UniqueIdentifier>{54d2493a-e7ca-42d3-8609-1a869acca12f}</UniqueIdentifier>
    </Filter>
    <Filter Include="SourceFiles\Example\Object\Component\Camera">
      <UniqueIdentifier>{b4473d72-f4b0-47c1-9044-07403929fbda}</UniqueIdentifier>
    </Filter>
    <Filter Include="SourceFiles\Engine\Utility\Infrastructure\Shader\InputElement">
      <UniqueIdentifier>{110104e6-d27e-4381-90d6-3805b1c31f80}</UniqueIdentifier>
    </Filter>
    <Filter Include="SourceFiles\Engine\Object\UI">
      <UniqueIdentifier>{b0456c25-301d-46fa-8614-efe328f3dcf5}</UniqueIdentifier>
    </Filter>
    <Filter Include="SourceFiles\Engine\Object\Entity\Component">
      <UniqueIdentifier>{b1d2b630-3473-4549-acbe-740f23b45615}</UniqueIdentifier>
    </Filter>
    <Filter Include="SourceFiles\Engine\Object\Entity\Component\Transform">
      <UniqueIdentifier>{866ac5df-3c3e-4c08-a79a-2d3021ab967d}</UniqueIdentifier>
    </Filter>
    <Filter Include="SourceFiles\Engine\Object\Entity\Component\Renderer">
      <UniqueIdentifier>{2c899269-3e0a-4927-aa79-9037c285f176}</UniqueIdentifier>
    </Filter>
    <Filter Include="SourceFiles\Engine\Object\Entity\Component\Renderer\Technique">
      <UniqueIdentifier>{f5571092-2fb0-4b52-a951-a5bf49ee9bfc}</UniqueIdentifier>
    </Filter>
    <Filter Include="SourceFiles\Engine\Object\Entity\Component\Renderer\Technique\Pass">
      <UniqueIdentifier>{986d1c75-ee79-4fad-8831-b9ce2371166e}</UniqueIdentifier>
    </Filter>
    <Filter Include="SourceFiles\Engine\Object\Entity\Component\Renderer\ParameterSet">
      <UniqueIdentifier>{2b8073cb-dc59-4f0d-bbae-7abca2163f41}</UniqueIdentifier>
    </Filter>
    <Filter Include="SourceFiles\Engine\Object\Entity\Component\Camera">
      <UniqueIdentifier>{c841f93a-74bc-4d9b-a194-412cbfde3b7e}</UniqueIdentifier>
    </Filter>
    <Filter Include="SourceFiles\Engine\Object\Entity\Component\Camera\ParameterSet">
      <UniqueIdentifier>{434b45aa-43ad-4874-b2fd-deb5bd4a0cae}</UniqueIdentifier>
    </Filter>
    <Filter Include="SourceFiles\Engine\Object\UI\Component">
      <UniqueIdentifier>{a8c83ca8-cf6a-48e3-9c11-3e591fa31235}</UniqueIdentifier>
    </Filter>
    <Filter Include="SourceFiles\Engine\Object\UI\Component\Transform">
      <UniqueIdentifier>{43b06d6a-b6e2-4e3d-b753-cdaed7d7e669}</UniqueIdentifier>
    </Filter>
    <Filter Include="SourceFiles\Engine\Object\UI\Component\Renderer">
      <UniqueIdentifier>{4661e01e-ad55-4d39-b379-373744c70ea1}</UniqueIdentifier>
    </Filter>
    <Filter Include="SourceFiles\Engine\Object\UI\Component\Camera">
      <UniqueIdentifier>{d3ea131e-2987-4355-8aba-3cfc8e0d0ef3}</UniqueIdentifier>
    </Filter>
    <Filter Include="SourceFiles\Engine\Object\UI\Component\Camera\ParameterSet">
      <UniqueIdentifier>{bacabdc8-e515-4e15-a494-40a17090ccb8}</UniqueIdentifier>
    </Filter>
    <Filter Include="SourceFiles\Example\UIRenderingScene">
      <UniqueIdentifier>{7c72d79a-978f-4180-8915-4a6fb5e82d36}</UniqueIdentifier>
    </Filter>
    <Filter Include="SourceFiles\Engine\Object\UI\Component\Renderer\Technique">
      <UniqueIdentifier>{e34d5751-b631-4545-87e5-60dcce69213e}</UniqueIdentifier>
    </Filter>
    <Filter Include="SourceFiles\Engine\Object\UI\Component\Renderer\Technique\Pass">
      <UniqueIdentifier>{6e646f3e-aa81-4cd9-bd84-4dfc210cc673}</UniqueIdentifier>
    </Filter>
    <Filter Include="SourceFiles\Example\Object\Component\UIPass">
      <UniqueIdentifier>{c592aff0-1673-4f9d-931b-a4735ea810d0}</UniqueIdentifier>
    </Filter>
  </ItemGroup>
  <ItemGroup>
    <ClCompile Include="WinMain.cpp">
      <Filter>SourceFiles</Filter>
    </ClCompile>
    <ClCompile Include="Engine\SR_Log.cpp">
      <Filter>SourceFiles\Engine\App\Log</Filter>
    </ClCompile>
    <ClCompile Include="Engine\SR_App.cpp">
      <Filter>SourceFiles\Engine\App</Filter>
    </ClCompile>
    <ClCompile Include="Engine\SR_Converter.cpp">
      <Filter>SourceFiles\Engine\Utility\Converter</Filter>
    </ClCompile>
    <ClCompile Include="Engine\SR_Input.cpp">
      <Filter>SourceFiles\Engine\App\Input</Filter>
    </ClCompile>
    <ClCompile Include="Engine\SR_KeyCode.cpp">
      <Filter>SourceFiles\Engine\Utility\KeyCode</Filter>
    </ClCompile>
    <ClCompile Include="Engine\SR_NonCopyable.cpp">
      <Filter>SourceFiles\Engine\Utility\NonCopyable</Filter>
    </ClCompile>
    <ClCompile Include="Engine\SR_ProgramSettingXML.cpp">
      <Filter>SourceFiles\Engine\Utility\XML\ProgramSetting</Filter>
    </ClCompile>
    <ClCompile Include="Engine\SR_Time.cpp">
      <Filter>SourceFiles\Engine\App\Time</Filter>
    </ClCompile>
    <ClCompile Include="Engine\SR_XML.cpp">
      <Filter>SourceFiles\Engine\Utility\XML</Filter>
    </ClCompile>
    <ClCompile Include="Engine\ExternalLibrary\TinyXML2\tinyxml2.cpp">
      <Filter>SourceFiles\Engine\Utility\ExternalLibrary\TinyXML2</Filter>
    </ClCompile>
    <ClCompile Include="Engine\PCH\SR_PCH.cpp">
      <Filter>SourceFiles\Engine\Utility\PCH</Filter>
    </ClCompile>
    <ClCompile Include="Engine\SR_Component.cpp">
      <Filter>SourceFiles\Engine\Object\Entity\Component</Filter>
    </ClCompile>
    <ClCompile Include="Engine\SR_Transform.cpp">
      <Filter>SourceFiles\Engine\Object\Entity\Component\Transform</Filter>
    </ClCompile>
    <ClCompile Include="Engine\SR_Math.cpp">
      <Filter>SourceFiles\Engine\Utility\Math</Filter>
    </ClCompile>
    <ClCompile Include="Engine\SR_Graphic.cpp">
      <Filter>SourceFiles\Engine\App\Graphic</Filter>
    </ClCompile>
    <ClCompile Include="Engine\SR_DirtyFlagMath.cpp">
      <Filter>SourceFiles\Engine\Utility\DirtyFlag\Math</Filter>
    </ClCompile>
    <ClCompile Include="Engine\SR_RenderDescription.cpp">
      <Filter>SourceFiles\Engine\Utility\Description\Render</Filter>
    </ClCompile>
    <ClCompile Include="Engine\SR_GameScene.cpp">
      <Filter>SourceFiles\Engine\GameScene</Filter>
    </ClCompile>
    <ClCompile Include="Engine\SR_Generator.cpp">
      <Filter>SourceFiles\Engine\GameScene\Generator</Filter>
    </ClCompile>
    <ClCompile Include="Engine\SR_UpdateExecutor.cpp">
      <Filter>SourceFiles\Engine\GameScene\Executor\Update</Filter>
    </ClCompile>
    <ClCompile Include="Engine\SR_UpdateTask.cpp">
      <Filter>SourceFiles\Engine\GameScene\Executor\Update</Filter>
    </ClCompile>
    <ClCompile Include="Engine\SR_RenderExecutor.cpp">
      <Filter>SourceFiles\Engine\GameScene\Executor\Render</Filter>
    </ClCompile>
    <ClCompile Include="Engine\SR_RenderTask.cpp">
      <Filter>SourceFiles\Engine\GameScene\Executor\Render</Filter>
    </ClCompile>
    <ClCompile Include="Engine\SR_ResourceGenerator.cpp">
      <Filter>SourceFiles\Engine\GameScene\Generator\Resource</Filter>
    </ClCompile>
    <ClCompile Include="Engine\SR_Entity.cpp">
      <Filter>SourceFiles\Engine\Object\Entity</Filter>
    </ClCompile>
    <ClCompile Include="Engine\SR_Mesh.cpp">
      <Filter>SourceFiles\Engine\Utility\Infrastructure\Mesh</Filter>
    </ClCompile>
    <ClCompile Include="Engine\SR_ComputeShader.cpp">
      <Filter>SourceFiles\Engine\Utility\Infrastructure\Shader</Filter>
    </ClCompile>
    <ClCompile Include="Engine\SR_DomainShader.cpp">
      <Filter>SourceFiles\Engine\Utility\Infrastructure\Shader</Filter>
    </ClCompile>
    <ClCompile Include="Engine\SR_GeometryShader.cpp">
      <Filter>SourceFiles\Engine\Utility\Infrastructure\Shader</Filter>
    </ClCompile>
    <ClCompile Include="Engine\SR_HullShader.cpp">
      <Filter>SourceFiles\Engine\Utility\Infrastructure\Shader</Filter>
    </ClCompile>
    <ClCompile Include="Engine\SR_PixelShader.cpp">
      <Filter>SourceFiles\Engine\Utility\Infrastructure\Shader</Filter>
    </ClCompile>
    <ClCompile Include="Engine\SR_VertexShader.cpp">
      <Filter>SourceFiles\Engine\Utility\Infrastructure\Shader</Filter>
    </ClCompile>
    <ClCompile Include="Engine\SR_CommonShader.cpp">
      <Filter>SourceFiles\Engine\Utility\Infrastructure\Shader</Filter>
    </ClCompile>
    <ClCompile Include="Engine\SR_Bitmap.cpp">
      <Filter>SourceFiles\Engine\Utility\Infrastructure\Bitmap</Filter>
    </ClCompile>
    <ClCompile Include="Engine\SR_Effect.cpp">
      <Filter>SourceFiles\Engine\Utility\Infrastructure\Effect</Filter>
    </ClCompile>
    <ClCompile Include="Engine\SR_ColorMatrixEffect.cpp">
      <Filter>SourceFiles\Engine\Utility\Infrastructure\Effect\ColorMatrixEffect</Filter>
    </ClCompile>
    <ClCompile Include="Engine\SR_Color.cpp">
      <Filter>SourceFiles\Engine\Utility\Math\Color</Filter>
    </ClCompile>
    <ClCompile Include="Engine\SR_Matrix3x2.cpp">
      <Filter>SourceFiles\Engine\Utility\Math\Matrix</Filter>
    </ClCompile>
    <ClCompile Include="Engine\SR_Matrix4x4.cpp">
      <Filter>SourceFiles\Engine\Utility\Math\Matrix</Filter>
    </ClCompile>
    <ClCompile Include="Engine\SR_Plane.cpp">
      <Filter>SourceFiles\Engine\Utility\Math\Plane</Filter>
    </ClCompile>
    <ClCompile Include="Engine\SR_Quaternion.cpp">
      <Filter>SourceFiles\Engine\Utility\Math\Quarternion</Filter>
    </ClCompile>
    <ClCompile Include="Engine\SR_Ray.cpp">
      <Filter>SourceFiles\Engine\Utility\Math\Ray</Filter>
    </ClCompile>
    <ClCompile Include="Engine\SR_Rectangle.cpp">
      <Filter>SourceFiles\Engine\Utility\Math\Rectangle</Filter>
    </ClCompile>
    <ClCompile Include="Engine\SR_Vector2.cpp">
      <Filter>SourceFiles\Engine\Utility\Math\Vector</Filter>
    </ClCompile>
    <ClCompile Include="Engine\SR_Vector3.cpp">
      <Filter>SourceFiles\Engine\Utility\Math\Vector</Filter>
    </ClCompile>
    <ClCompile Include="Engine\SR_Vector4.cpp">
      <Filter>SourceFiles\Engine\Utility\Math\Vector</Filter>
    </ClCompile>
    <ClCompile Include="Engine\SR_Viewport.cpp">
      <Filter>SourceFiles\Engine\Utility\Math\Viewport</Filter>
    </ClCompile>
    <ClCompile Include="Engine\SR_Matrix5x4.cpp">
      <Filter>SourceFiles\Engine\Utility\Math\Matrix</Filter>
    </ClCompile>
    <ClCompile Include="Engine\SR_CommonSound.cpp">
      <Filter>SourceFiles\Engine\Utility\Infrastructure\Sound</Filter>
    </ClCompile>
    <ClCompile Include="Engine\SR_Sound.cpp">
      <Filter>SourceFiles\Engine\App\Sound</Filter>
    </ClCompile>
    <ClCompile Include="Engine\SR_WavSound.cpp">
      <Filter>SourceFiles\Engine\Utility\Infrastructure\Sound\Wav</Filter>
    </ClCompile>
    <ClCompile Include="Engine\SR_OggSound.cpp">
      <Filter>SourceFiles\Engine\Utility\Infrastructure\Sound\Ogg</Filter>
    </ClCompile>
    <ClCompile Include="Engine\SR_Executor.cpp">
      <Filter>SourceFiles\Engine\GameScene\Executor</Filter>
    </ClCompile>
    <ClCompile Include="Engine\SR_Task.cpp">
      <Filter>SourceFiles\Engine\GameScene\Executor</Filter>
    </ClCompile>
    <ClCompile Include="Engine\SR_CommonProgrammableStage.cpp">
      <Filter>SourceFiles\Engine\Utility\PipelineStage</Filter>
    </ClCompile>
    <ClCompile Include="Engine\SR_ComputeShaderStage.cpp">
      <Filter>SourceFiles\Engine\Utility\PipelineStage</Filter>
    </ClCompile>
    <ClCompile Include="Engine\SR_DomainShaderStage.cpp">
      <Filter>SourceFiles\Engine\Utility\PipelineStage</Filter>
    </ClCompile>
    <ClCompile Include="Engine\SR_GeometryShaderStage.cpp">
      <Filter>SourceFiles\Engine\Utility\PipelineStage</Filter>
    </ClCompile>
    <ClCompile Include="Engine\SR_HullShaderStage.cpp">
      <Filter>SourceFiles\Engine\Utility\PipelineStage</Filter>
    </ClCompile>
    <ClCompile Include="Engine\SR_InputAssemblerStage.cpp">
      <Filter>SourceFiles\Engine\Utility\PipelineStage</Filter>
    </ClCompile>
    <ClCompile Include="Engine\SR_OutputMergerStage.cpp">
      <Filter>SourceFiles\Engine\Utility\PipelineStage</Filter>
    </ClCompile>
    <ClCompile Include="Engine\SR_PixelShaderStage.cpp">
      <Filter>SourceFiles\Engine\Utility\PipelineStage</Filter>
    </ClCompile>
    <ClCompile Include="Engine\SR_RasterizerStage.cpp">
      <Filter>SourceFiles\Engine\Utility\PipelineStage</Filter>
    </ClCompile>
    <ClCompile Include="Engine\SR_StreamOutputStage.cpp">
      <Filter>SourceFiles\Engine\Utility\PipelineStage</Filter>
    </ClCompile>
    <ClCompile Include="Engine\SR_VertexShaderStage.cpp">
      <Filter>SourceFiles\Engine\Utility\PipelineStage</Filter>
    </ClCompile>
    <ClCompile Include="Engine\SR_DeferredStage.cpp">
      <Filter>SourceFiles\Engine\Utility\PipelineStage</Filter>
    </ClCompile>
    <ClCompile Include="Engine\SR_Renderer.cpp">
      <Filter>SourceFiles\Engine\Object\Entity\Component\Renderer</Filter>
    </ClCompile>
    <ClCompile Include="Engine\SR_RenderTechnique.cpp">
      <Filter>SourceFiles\Engine\Object\Entity\Component\Renderer\Technique</Filter>
    </ClCompile>
    <ClCompile Include="Engine\SR_DrawInstancedIndirectPass.cpp">
      <Filter>SourceFiles\Engine\Object\Entity\Component\Renderer\Technique\Pass</Filter>
    </ClCompile>
    <ClCompile Include="Engine\SR_DrawInstancedPass.cpp">
      <Filter>SourceFiles\Engine\Object\Entity\Component\Renderer\Technique\Pass</Filter>
    </ClCompile>
    <ClCompile Include="Engine\SR_DrawPass.cpp">
      <Filter>SourceFiles\Engine\Object\Entity\Component\Renderer\Technique\Pass</Filter>
    </ClCompile>
    <ClCompile Include="Engine\SR_CommonShaderParameterSet.cpp">
      <Filter>SourceFiles\Engine\Object\Entity\Component\Renderer\ParameterSet</Filter>
    </ClCompile>
    <ClCompile Include="Engine\SR_ComputeShaderParameterSet.cpp">
      <Filter>SourceFiles\Engine\Object\Entity\Component\Renderer\ParameterSet</Filter>
    </ClCompile>
    <ClCompile Include="Engine\SR_DomainShaderParameterSet.cpp">
      <Filter>SourceFiles\Engine\Object\Entity\Component\Renderer\ParameterSet</Filter>
    </ClCompile>
    <ClCompile Include="Engine\SR_GeometryShaderParameterSet.cpp">
      <Filter>SourceFiles\Engine\Object\Entity\Component\Renderer\ParameterSet</Filter>
    </ClCompile>
    <ClCompile Include="Engine\SR_HullShaderParameterSet.cpp">
      <Filter>SourceFiles\Engine\Object\Entity\Component\Renderer\ParameterSet</Filter>
    </ClCompile>
    <ClCompile Include="Engine\SR_InputParameterSet.cpp">
      <Filter>SourceFiles\Engine\Object\Entity\Component\Renderer\ParameterSet</Filter>
    </ClCompile>
    <ClCompile Include="Engine\SR_PixelShaderParameterSet.cpp">
      <Filter>SourceFiles\Engine\Object\Entity\Component\Renderer\ParameterSet</Filter>
    </ClCompile>
    <ClCompile Include="Engine\SR_StreamParameterSet.cpp">
      <Filter>SourceFiles\Engine\Object\Entity\Component\Renderer\ParameterSet</Filter>
    </ClCompile>
    <ClCompile Include="Engine\SR_VertexShaderParameterSet.cpp">
      <Filter>SourceFiles\Engine\Object\Entity\Component\Renderer\ParameterSet</Filter>
    </ClCompile>
    <ClCompile Include="Engine\SR_Scene.cpp">
      <Filter>SourceFiles\Engine\App\Scene</Filter>
    </ClCompile>
    <ClCompile Include="Engine\SR_Camera.cpp">
      <Filter>SourceFiles\Engine\Object\Entity\Component\Camera</Filter>
    </ClCompile>
    <ClCompile Include="Engine\SR_CameraParameterSet.cpp">
      <Filter>SourceFiles\Engine\Object\Entity\Component\Camera\ParameterSet</Filter>
    </ClCompile>
    <ClCompile Include="Engine\SR_Timer.cpp">
      <Filter>SourceFiles\Engine\Utility\Timer</Filter>
    </ClCompile>
    <ClCompile Include="Example\ColorPass.cpp">
      <Filter>SourceFiles\Example\Object\Component\RenderPass</Filter>
    </ClCompile>
    <ClCompile Include="Example\ColorEntity.cpp">
      <Filter>SourceFiles\Example\Object\Entity</Filter>
    </ClCompile>
    <ClCompile Include="Example\ColorRenderingScene.cpp">
      <Filter>SourceFiles\Example\ColorRenderingScene</Filter>
    </ClCompile>
    <ClCompile Include="Example\LoadedScene.cpp">
      <Filter>SourceFiles\Example\LoadingScene</Filter>
    </ClCompile>
    <ClCompile Include="Example\LoadingScene.cpp">
      <Filter>SourceFiles\Example\LoadingScene</Filter>
    </ClCompile>
    <ClCompile Include="Example\EmptyScene.cpp">
      <Filter>SourceFiles\Example\EmptyScene</Filter>
    </ClCompile>
    <ClCompile Include="Example\CameraEntity.cpp">
      <Filter>SourceFiles\Example\Object\Entity</Filter>
    </ClCompile>
    <ClCompile Include="Example\DefaultCamera.cpp">
      <Filter>SourceFiles\Example\Object\Component\Camera</Filter>
    </ClCompile>
    <ClCompile Include="Engine\SR_InputElement.cpp">
      <Filter>SourceFiles\Engine\Utility\Infrastructure\Shader\InputElement</Filter>
    </ClCompile>
    <ClCompile Include="Engine\SR_UIComponent.cpp">
      <Filter>SourceFiles\Engine\Object\UI\Component</Filter>
    </ClCompile>
    <ClCompile Include="Engine\SR_UITransform.cpp">
      <Filter>SourceFiles\Engine\Object\UI\Component\Transform</Filter>
    </ClCompile>
    <ClCompile Include="Engine\SR_UI.cpp">
      <Filter>SourceFiles\Engine\Object\UI</Filter>
    </ClCompile>
    <ClCompile Include="Engine\SR_UIRenderer.cpp">
      <Filter>SourceFiles\Engine\Object\UI\Component\Renderer</Filter>
    </ClCompile>
    <ClCompile Include="Engine\SR_UICamera.cpp">
      <Filter>SourceFiles\Engine\Object\UI\Component\Camera</Filter>
    </ClCompile>
    <ClCompile Include="Engine\SR_TargetParameterSet.cpp">
      <Filter>SourceFiles\Engine\Object\UI\Component\Camera\ParameterSet</Filter>
    </ClCompile>
    <ClCompile Include="Engine\SR_TargetStage.cpp">
      <Filter>SourceFiles\Engine\Utility\PipelineStage</Filter>
    </ClCompile>
    <ClCompile Include="Example\UIRenderingScene.cpp">
      <Filter>SourceFiles\Example\UIRenderingScene</Filter>
    </ClCompile>
    <ClCompile Include="Engine\SR_UITechnique.cpp">
      <Filter>SourceFiles\Engine\Object\UI\Component\Renderer\Technique</Filter>
    </ClCompile>
    <ClCompile Include="Engine\SR_CommonPass.cpp">
      <Filter>SourceFiles\Engine\Object\Entity\Component\Renderer\Technique\Pass</Filter>
    </ClCompile>
    <ClCompile Include="Engine\SR_UIPass.cpp">
      <Filter>SourceFiles\Engine\Object\UI\Component\Renderer\Technique\Pass</Filter>
    </ClCompile>
    <ClCompile Include="Engine\SR_UIAnimationPass.cpp">
      <Filter>SourceFiles\Engine\Object\UI\Component\Renderer\Technique\Pass</Filter>
    </ClCompile>
    <ClCompile Include="Example\BitmapPass.cpp">
      <Filter>SourceFiles\Example\Object\Component\UIPass</Filter>
    </ClCompile>
  </ItemGroup>
  <ItemGroup>
    <ClInclude Include="Engine\SR_Log.h">
      <Filter>SourceFiles\Engine\App\Log</Filter>
    </ClInclude>
    <ClInclude Include="Engine\SR_App.h">
      <Filter>SourceFiles\Engine\App</Filter>
    </ClInclude>
    <ClInclude Include="Engine\SR_Converter.h">
      <Filter>SourceFiles\Engine\Utility\Converter</Filter>
    </ClInclude>
    <ClInclude Include="Engine\SR_Input.h">
      <Filter>SourceFiles\Engine\App\Input</Filter>
    </ClInclude>
    <ClInclude Include="Engine\SR_KeyCode.h">
      <Filter>SourceFiles\Engine\Utility\KeyCode</Filter>
    </ClInclude>
    <ClInclude Include="Engine\SR_NonCopyable.h">
      <Filter>SourceFiles\Engine\Utility\NonCopyable</Filter>
    </ClInclude>
    <ClInclude Include="Engine\SR_ProgramSettingXML.h">
      <Filter>SourceFiles\Engine\Utility\XML\ProgramSetting</Filter>
    </ClInclude>
    <ClInclude Include="Engine\SR_Time.h">
      <Filter>SourceFiles\Engine\App\Time</Filter>
    </ClInclude>
    <ClInclude Include="Engine\SR_XML.h">
      <Filter>SourceFiles\Engine\Utility\XML</Filter>
    </ClInclude>
    <ClInclude Include="Engine\ExternalLibrary\Vorbis\include\codec.h">
      <Filter>SourceFiles\Engine\Utility\ExternalLibrary\Vorbis</Filter>
    </ClInclude>
    <ClInclude Include="Engine\ExternalLibrary\Vorbis\include\ogg.h">
      <Filter>SourceFiles\Engine\Utility\ExternalLibrary\Vorbis</Filter>
    </ClInclude>
    <ClInclude Include="Engine\ExternalLibrary\Vorbis\include\os_types.h">
      <Filter>SourceFiles\Engine\Utility\ExternalLibrary\Vorbis</Filter>
    </ClInclude>
    <ClInclude Include="Engine\ExternalLibrary\Vorbis\include\vorbisfile.h">
      <Filter>SourceFiles\Engine\Utility\ExternalLibrary\Vorbis</Filter>
    </ClInclude>
    <ClInclude Include="Engine\ExternalLibrary\TinyXML2\tinyxml2.h">
      <Filter>SourceFiles\Engine\Utility\ExternalLibrary\TinyXML2</Filter>
    </ClInclude>
    <ClInclude Include="Engine\PCH\SR_PCH.h">
      <Filter>SourceFiles\Engine\Utility\PCH</Filter>
    </ClInclude>
    <ClInclude Include="Engine\SR_Entity.h">
      <Filter>SourceFiles\Engine\Object\Entity</Filter>
    </ClInclude>
    <ClInclude Include="Engine\SR_Component.h">
      <Filter>SourceFiles\Engine\Object\Entity\Component</Filter>
    </ClInclude>
    <ClInclude Include="Engine\SR_Transform.h">
      <Filter>SourceFiles\Engine\Object\Entity\Component\Transform</Filter>
    </ClInclude>
    <ClInclude Include="Engine\SR_Math.h">
      <Filter>SourceFiles\Engine\Utility\Math</Filter>
    </ClInclude>
    <ClInclude Include="Engine\SR_Graphic.h">
      <Filter>SourceFiles\Engine\App\Graphic</Filter>
    </ClInclude>
    <ClInclude Include="Engine\SR_DirtyFlag.h">
      <Filter>SourceFiles\Engine\Utility\DirtyFlag</Filter>
    </ClInclude>
    <ClInclude Include="Engine\SR_DirtyFlagMath.h">
      <Filter>SourceFiles\Engine\Utility\DirtyFlag\Math</Filter>
    </ClInclude>
    <ClInclude Include="Engine\SR_RenderDescription.h">
      <Filter>SourceFiles\Engine\Utility\Description\Render</Filter>
    </ClInclude>
    <ClInclude Include="Engine\SR_GameScene.h">
      <Filter>SourceFiles\Engine\GameScene</Filter>
    </ClInclude>
    <ClInclude Include="Engine\SR_Generator.h">
      <Filter>SourceFiles\Engine\GameScene\Generator</Filter>
    </ClInclude>
    <ClInclude Include="Engine\SR_UpdateExecutor.h">
      <Filter>SourceFiles\Engine\GameScene\Executor\Update</Filter>
    </ClInclude>
    <ClInclude Include="Engine\SR_UpdateTask.h">
      <Filter>SourceFiles\Engine\GameScene\Executor\Update</Filter>
    </ClInclude>
    <ClInclude Include="Engine\SR_RenderExecutor.h">
      <Filter>SourceFiles\Engine\GameScene\Executor\Render</Filter>
    </ClInclude>
    <ClInclude Include="Engine\SR_RenderTask.h">
      <Filter>SourceFiles\Engine\GameScene\Executor\Render</Filter>
    </ClInclude>
    <ClInclude Include="Engine\SR_ResourceGenerator.h">
      <Filter>SourceFiles\Engine\GameScene\Generator\Resource</Filter>
    </ClInclude>
    <ClInclude Include="Engine\SR_Mesh.h">
      <Filter>SourceFiles\Engine\Utility\Infrastructure\Mesh</Filter>
    </ClInclude>
    <ClInclude Include="Engine\SR_ComputeShader.h">
      <Filter>SourceFiles\Engine\Utility\Infrastructure\Shader</Filter>
    </ClInclude>
    <ClInclude Include="Engine\SR_DomainShader.h">
      <Filter>SourceFiles\Engine\Utility\Infrastructure\Shader</Filter>
    </ClInclude>
    <ClInclude Include="Engine\SR_GeometryShader.h">
      <Filter>SourceFiles\Engine\Utility\Infrastructure\Shader</Filter>
    </ClInclude>
    <ClInclude Include="Engine\SR_HullShader.h">
      <Filter>SourceFiles\Engine\Utility\Infrastructure\Shader</Filter>
    </ClInclude>
    <ClInclude Include="Engine\SR_PixelShader.h">
      <Filter>SourceFiles\Engine\Utility\Infrastructure\Shader</Filter>
    </ClInclude>
    <ClInclude Include="Engine\SR_VertexShader.h">
      <Filter>SourceFiles\Engine\Utility\Infrastructure\Shader</Filter>
    </ClInclude>
    <ClInclude Include="Engine\SR_CommonShader.h">
      <Filter>SourceFiles\Engine\Utility\Infrastructure\Shader</Filter>
    </ClInclude>
    <ClInclude Include="Engine\SR_Bitmap.h">
      <Filter>SourceFiles\Engine\Utility\Infrastructure\Bitmap</Filter>
    </ClInclude>
    <ClInclude Include="Engine\SR_Effect.h">
      <Filter>SourceFiles\Engine\Utility\Infrastructure\Effect</Filter>
    </ClInclude>
    <ClInclude Include="Engine\SR_ColorMatrixEffect.h">
      <Filter>SourceFiles\Engine\Utility\Infrastructure\Effect\ColorMatrixEffect</Filter>
    </ClInclude>
    <ClInclude Include="Engine\SR_Color.h">
      <Filter>SourceFiles\Engine\Utility\Math\Color</Filter>
    </ClInclude>
    <ClInclude Include="Engine\SR_Matrix3x2.h">
      <Filter>SourceFiles\Engine\Utility\Math\Matrix</Filter>
    </ClInclude>
    <ClInclude Include="Engine\SR_Matrix4x4.h">
      <Filter>SourceFiles\Engine\Utility\Math\Matrix</Filter>
    </ClInclude>
    <ClInclude Include="Engine\SR_Plane.h">
      <Filter>SourceFiles\Engine\Utility\Math\Plane</Filter>
    </ClInclude>
    <ClInclude Include="Engine\SR_Quaternion.h">
      <Filter>SourceFiles\Engine\Utility\Math\Quarternion</Filter>
    </ClInclude>
    <ClInclude Include="Engine\SR_Ray.h">
      <Filter>SourceFiles\Engine\Utility\Math\Ray</Filter>
    </ClInclude>
    <ClInclude Include="Engine\SR_Rectangle.h">
      <Filter>SourceFiles\Engine\Utility\Math\Rectangle</Filter>
    </ClInclude>
    <ClInclude Include="Engine\SR_Vector2.h">
      <Filter>SourceFiles\Engine\Utility\Math\Vector</Filter>
    </ClInclude>
    <ClInclude Include="Engine\SR_Vector3.h">
      <Filter>SourceFiles\Engine\Utility\Math\Vector</Filter>
    </ClInclude>
    <ClInclude Include="Engine\SR_Vector4.h">
      <Filter>SourceFiles\Engine\Utility\Math\Vector</Filter>
    </ClInclude>
    <ClInclude Include="Engine\SR_Viewport.h">
      <Filter>SourceFiles\Engine\Utility\Math\Viewport</Filter>
    </ClInclude>
    <ClInclude Include="Engine\SR_Matrix5x4.h">
      <Filter>SourceFiles\Engine\Utility\Math\Matrix</Filter>
    </ClInclude>
    <ClInclude Include="Engine\SR_WavSound.h">
      <Filter>SourceFiles\Engine\Utility\Infrastructure\Sound\Wav</Filter>
    </ClInclude>
    <ClInclude Include="Engine\SR_CommonSound.h">
      <Filter>SourceFiles\Engine\Utility\Infrastructure\Sound</Filter>
    </ClInclude>
    <ClInclude Include="Engine\SR_Sound.h">
      <Filter>SourceFiles\Engine\App\Sound</Filter>
    </ClInclude>
    <ClInclude Include="Engine\SR_OggSound.h">
      <Filter>SourceFiles\Engine\Utility\Infrastructure\Sound\Ogg</Filter>
    </ClInclude>
    <ClInclude Include="Engine\SR_Executor.h">
      <Filter>SourceFiles\Engine\GameScene\Executor</Filter>
    </ClInclude>
    <ClInclude Include="Engine\SR_Task.h">
      <Filter>SourceFiles\Engine\GameScene\Executor</Filter>
    </ClInclude>
    <ClInclude Include="Engine\SR_CommonProgrammableStage.h">
      <Filter>SourceFiles\Engine\Utility\PipelineStage</Filter>
    </ClInclude>
    <ClInclude Include="Engine\SR_ComputeShaderStage.h">
      <Filter>SourceFiles\Engine\Utility\PipelineStage</Filter>
    </ClInclude>
    <ClInclude Include="Engine\SR_DomainShaderStage.h">
      <Filter>SourceFiles\Engine\Utility\PipelineStage</Filter>
    </ClInclude>
    <ClInclude Include="Engine\SR_GeometryShaderStage.h">
      <Filter>SourceFiles\Engine\Utility\PipelineStage</Filter>
    </ClInclude>
    <ClInclude Include="Engine\SR_HullShaderStage.h">
      <Filter>SourceFiles\Engine\Utility\PipelineStage</Filter>
    </ClInclude>
    <ClInclude Include="Engine\SR_InputAssemblerStage.h">
      <Filter>SourceFiles\Engine\Utility\PipelineStage</Filter>
    </ClInclude>
    <ClInclude Include="Engine\SR_OutputMergerStage.h">
      <Filter>SourceFiles\Engine\Utility\PipelineStage</Filter>
    </ClInclude>
    <ClInclude Include="Engine\SR_PixelShaderStage.h">
      <Filter>SourceFiles\Engine\Utility\PipelineStage</Filter>
    </ClInclude>
    <ClInclude Include="Engine\SR_RasterizerStage.h">
      <Filter>SourceFiles\Engine\Utility\PipelineStage</Filter>
    </ClInclude>
    <ClInclude Include="Engine\SR_StreamOutputStage.h">
      <Filter>SourceFiles\Engine\Utility\PipelineStage</Filter>
    </ClInclude>
    <ClInclude Include="Engine\SR_VertexShaderStage.h">
      <Filter>SourceFiles\Engine\Utility\PipelineStage</Filter>
    </ClInclude>
    <ClInclude Include="Engine\SR_DeferredStage.h">
      <Filter>SourceFiles\Engine\Utility\PipelineStage</Filter>
    </ClInclude>
    <ClInclude Include="Engine\SR_Renderer.h">
      <Filter>SourceFiles\Engine\Object\Entity\Component\Renderer</Filter>
    </ClInclude>
    <ClInclude Include="Engine\SR_RenderTechnique.h">
      <Filter>SourceFiles\Engine\Object\Entity\Component\Renderer\Technique</Filter>
    </ClInclude>
    <ClInclude Include="Engine\SR_DrawInstancedIndirectPass.h">
      <Filter>SourceFiles\Engine\Object\Entity\Component\Renderer\Technique\Pass</Filter>
    </ClInclude>
    <ClInclude Include="Engine\SR_DrawInstancedPass.h">
      <Filter>SourceFiles\Engine\Object\Entity\Component\Renderer\Technique\Pass</Filter>
    </ClInclude>
    <ClInclude Include="Engine\SR_DrawPass.h">
      <Filter>SourceFiles\Engine\Object\Entity\Component\Renderer\Technique\Pass</Filter>
    </ClInclude>
    <ClInclude Include="Engine\SR_CommonShaderParameterSet.h">
      <Filter>SourceFiles\Engine\Object\Entity\Component\Renderer\ParameterSet</Filter>
    </ClInclude>
    <ClInclude Include="Engine\SR_ComputeShaderParameterSet.h">
      <Filter>SourceFiles\Engine\Object\Entity\Component\Renderer\ParameterSet</Filter>
    </ClInclude>
    <ClInclude Include="Engine\SR_DomainShaderParameterSet.h">
      <Filter>SourceFiles\Engine\Object\Entity\Component\Renderer\ParameterSet</Filter>
    </ClInclude>
    <ClInclude Include="Engine\SR_GeometryShaderParameterSet.h">
      <Filter>SourceFiles\Engine\Object\Entity\Component\Renderer\ParameterSet</Filter>
    </ClInclude>
    <ClInclude Include="Engine\SR_HullShaderParameterSet.h">
      <Filter>SourceFiles\Engine\Object\Entity\Component\Renderer\ParameterSet</Filter>
    </ClInclude>
    <ClInclude Include="Engine\SR_InputParameterSet.h">
      <Filter>SourceFiles\Engine\Object\Entity\Component\Renderer\ParameterSet</Filter>
    </ClInclude>
    <ClInclude Include="Engine\SR_PixelShaderParameterSet.h">
      <Filter>SourceFiles\Engine\Object\Entity\Component\Renderer\ParameterSet</Filter>
    </ClInclude>
    <ClInclude Include="Engine\SR_StreamParameterSet.h">
      <Filter>SourceFiles\Engine\Object\Entity\Component\Renderer\ParameterSet</Filter>
    </ClInclude>
    <ClInclude Include="Engine\SR_VertexShaderParameterSet.h">
      <Filter>SourceFiles\Engine\Object\Entity\Component\Renderer\ParameterSet</Filter>
    </ClInclude>
    <ClInclude Include="Engine\SR_Scene.h">
      <Filter>SourceFiles\Engine\App\Scene</Filter>
    </ClInclude>
    <ClInclude Include="Engine\SR_Camera.h">
      <Filter>SourceFiles\Engine\Object\Entity\Component\Camera</Filter>
    </ClInclude>
    <ClInclude Include="Engine\SR_CameraParameterSet.h">
      <Filter>SourceFiles\Engine\Object\Entity\Component\Camera\ParameterSet</Filter>
    </ClInclude>
    <ClInclude Include="SunrinEngine.h">
      <Filter>SourceFiles</Filter>
    </ClInclude>
    <ClInclude Include="Engine\SR_Timer.h">
      <Filter>SourceFiles\Engine\Utility\Timer</Filter>
    </ClInclude>
    <ClInclude Include="Example\ColorPass.h">
      <Filter>SourceFiles\Example\Object\Component\RenderPass</Filter>
    </ClInclude>
    <ClInclude Include="Example\ColorEntity.h">
      <Filter>SourceFiles\Example\Object\Entity</Filter>
    </ClInclude>
    <ClInclude Include="Example\ColorRenderingScene.h">
      <Filter>SourceFiles\Example\ColorRenderingScene</Filter>
    </ClInclude>
    <ClInclude Include="Example\LoadedScene.h">
      <Filter>SourceFiles\Example\LoadingScene</Filter>
    </ClInclude>
    <ClInclude Include="Example\LoadingScene.h">
      <Filter>SourceFiles\Example\LoadingScene</Filter>
    </ClInclude>
    <ClInclude Include="Example\EmptyScene.h">
      <Filter>SourceFiles\Example\EmptyScene</Filter>
    </ClInclude>
    <ClInclude Include="Example\CameraEntity.h">
      <Filter>SourceFiles\Example\Object\Entity</Filter>
    </ClInclude>
    <ClInclude Include="Example\DefaultCamera.h">
      <Filter>SourceFiles\Example\Object\Component\Camera</Filter>
    </ClInclude>
    <ClInclude Include="Engine\SR_InputElement.h">
      <Filter>SourceFiles\Engine\Utility\Infrastructure\Shader\InputElement</Filter>
    </ClInclude>
    <ClInclude Include="Engine\SR_UI.h">
      <Filter>SourceFiles\Engine\Object\UI</Filter>
    </ClInclude>
    <ClInclude Include="Engine\SR_UIComponent.h">
      <Filter>SourceFiles\Engine\Object\UI\Component</Filter>
    </ClInclude>
    <ClInclude Include="Engine\SR_UITransform.h">
      <Filter>SourceFiles\Engine\Object\UI\Component\Transform</Filter>
    </ClInclude>
    <ClInclude Include="Engine\SR_UIRenderer.h">
      <Filter>SourceFiles\Engine\Object\UI\Component\Renderer</Filter>
    </ClInclude>
    <ClInclude Include="Engine\SR_UICamera.h">
      <Filter>SourceFiles\Engine\Object\UI\Component\Camera</Filter>
    </ClInclude>
    <ClInclude Include="Engine\SR_TargetParameterSet.h">
      <Filter>SourceFiles\Engine\Object\UI\Component\Camera\ParameterSet</Filter>
    </ClInclude>
    <ClInclude Include="Engine\SR_TargetStage.h">
      <Filter>SourceFiles\Engine\Utility\PipelineStage</Filter>
    </ClInclude>
    <ClInclude Include="Example\UIRenderingScene.h">
      <Filter>SourceFiles\Example\UIRenderingScene</Filter>
    </ClInclude>
    <ClInclude Include="Engine\SR_UITechnique.h">
      <Filter>SourceFiles\Engine\Object\UI\Component\Renderer\Technique</Filter>
    </ClInclude>
    <ClInclude Include="Engine\SR_UIPass.h">
      <Filter>SourceFiles\Engine\Object\UI\Component\Renderer\Technique\Pass</Filter>
    </ClInclude>
    <ClInclude Include="Engine\SR_CommonPass.h">
      <Filter>SourceFiles\Engine\Object\Entity\Component\Renderer\Technique\Pass</Filter>
    </ClInclude>
    <ClInclude Include="Engine\SR_UIAnimationPass.h">
      <Filter>SourceFiles\Engine\Object\UI\Component\Renderer\Technique\Pass</Filter>
    </ClInclude>
    <ClInclude Include="Example\BitmapPass.h">
      <Filter>SourceFiles\Example\Object\Component\UIPass</Filter>
    </ClInclude>
  </ItemGroup>
  <ItemGroup>
    <None Include="Engine\SR_DirtyFlag.inl">
      <Filter>SourceFiles\Engine\Utility\DirtyFlag</Filter>
    </None>
    <None Include="Resources\Shaders\color_render_ps.hlsl">
      <Filter>ResourceFiles</Filter>
    </None>
    <None Include="Resources\Shaders\color_render_vs.hlsl">
      <Filter>ResourceFiles</Filter>
    </None>
  </ItemGroup>
</Project>